// !$*UTF8*$!
{
	archiveVersion = 1;
	classes = {
	};
	objectVersion = 46;
	objects = {

/* Begin PBXBuildFile section */
		940AE6D01720D7F00081B1A8 /* libsqlite3.dylib in Frameworks */ = {isa = PBXBuildFile; fileRef = 940AE6CF1720D7F00081B1A8 /* libsqlite3.dylib */; };
		94167FE1172CABFF000E1744 /* FindMyCar.m in Sources */ = {isa = PBXBuildFile; fileRef = 94167FE0172CABFF000E1744 /* FindMyCar.m */; };
		94303A591709210E00877089 /* MapKit.framework in Frameworks */ = {isa = PBXBuildFile; fileRef = 94303A581709210E00877089 /* MapKit.framework */; };
		94303A5E17092CCF00877089 /* CoreLocation.framework in Frameworks */ = {isa = PBXBuildFile; fileRef = 94303A5D17092CCF00877089 /* CoreLocation.framework */; };
		943B3FFA16BEA3E300FE7428 /* UIKit.framework in Frameworks */ = {isa = PBXBuildFile; fileRef = 943B3FF916BEA3E300FE7428 /* UIKit.framework */; };
		943B3FFC16BEA3E300FE7428 /* Foundation.framework in Frameworks */ = {isa = PBXBuildFile; fileRef = 943B3FFB16BEA3E300FE7428 /* Foundation.framework */; };
		943B3FFE16BEA3E300FE7428 /* CoreGraphics.framework in Frameworks */ = {isa = PBXBuildFile; fileRef = 943B3FFD16BEA3E300FE7428 /* CoreGraphics.framework */; };
		943B400416BEA3E300FE7428 /* InfoPlist.strings in Resources */ = {isa = PBXBuildFile; fileRef = 943B400216BEA3E300FE7428 /* InfoPlist.strings */; };
		943B400616BEA3E300FE7428 /* main.m in Sources */ = {isa = PBXBuildFile; fileRef = 943B400516BEA3E300FE7428 /* main.m */; };
		AABAF069172BC46C00FCECA0 /* Default-568h@2x.png in Resources */ = {isa = PBXBuildFile; fileRef = AABAF046172BC46C00FCECA0 /* Default-568h@2x.png */; };
		AABAF06A172BC46C00FCECA0 /* Default.png in Resources */ = {isa = PBXBuildFile; fileRef = AABAF047172BC46C00FCECA0 /* Default.png */; };
		AABAF06B172BC46C00FCECA0 /* Default@2x.png in Resources */ = {isa = PBXBuildFile; fileRef = AABAF048172BC46C00FCECA0 /* Default@2x.png */; };
		AABAF06C172BC46C00FCECA0 /* MainStoryboard.storyboard in Resources */ = {isa = PBXBuildFile; fileRef = AABAF049172BC46C00FCECA0 /* MainStoryboard.storyboard */; };
		AABAF06D172BC46C00FCECA0 /* AppDelegate.m in Sources */ = {isa = PBXBuildFile; fileRef = AABAF04D172BC46C00FCECA0 /* AppDelegate.m */; };
		AABAF06E172BC46C00FCECA0 /* DBHelper.m in Sources */ = {isa = PBXBuildFile; fileRef = AABAF04F172BC46C00FCECA0 /* DBHelper.m */; };
		AABAF06F172BC46C00FCECA0 /* FMDatabase.m in Sources */ = {isa = PBXBuildFile; fileRef = AABAF053172BC46C00FCECA0 /* FMDatabase.m */; };
		AABAF070172BC46C00FCECA0 /* FMDatabaseAdditions.m in Sources */ = {isa = PBXBuildFile; fileRef = AABAF055172BC46C00FCECA0 /* FMDatabaseAdditions.m */; };
		AABAF071172BC46C00FCECA0 /* FMDatabasePool.m in Sources */ = {isa = PBXBuildFile; fileRef = AABAF057172BC46C00FCECA0 /* FMDatabasePool.m */; };
		AABAF072172BC46C00FCECA0 /* FMDatabaseQueue.m in Sources */ = {isa = PBXBuildFile; fileRef = AABAF059172BC46C00FCECA0 /* FMDatabaseQueue.m */; };
		AABAF073172BC46C00FCECA0 /* FMResultSet.m in Sources */ = {isa = PBXBuildFile; fileRef = AABAF05B172BC46C00FCECA0 /* FMResultSet.m */; };
		AABAF074172BC46C00FCECA0 /* AddInstance.m in Sources */ = {isa = PBXBuildFile; fileRef = AABAF05E172BC46C00FCECA0 /* AddInstance.m */; };
		AABAF075172BC46C00FCECA0 /* History.m in Sources */ = {isa = PBXBuildFile; fileRef = AABAF060172BC46C00FCECA0 /* History.m */; };
		AABAF076172BC46C00FCECA0 /* HistoryEntity.m in Sources */ = {isa = PBXBuildFile; fileRef = AABAF062172BC46C00FCECA0 /* HistoryEntity.m */; };
		AABAF077172BC46C00FCECA0 /* LastEvent.m in Sources */ = {isa = PBXBuildFile; fileRef = AABAF064172BC46C00FCECA0 /* LastEvent.m */; };
		AABAF078172BC46C00FCECA0 /* Location.m in Sources */ = {isa = PBXBuildFile; fileRef = AABAF066172BC46C00FCECA0 /* Location.m */; };
		AABAF079172BC46C00FCECA0 /* MainTableViewController.m in Sources */ = {isa = PBXBuildFile; fileRef = AABAF068172BC46C00FCECA0 /* MainTableViewController.m */; };
		AABAF07C172BCB5900FCECA0 /* HistoryData.m in Sources */ = {isa = PBXBuildFile; fileRef = AABAF07B172BCB5900FCECA0 /* HistoryData.m */; };
/* End PBXBuildFile section */

/* Begin PBXFileReference section */
		940AE6CF1720D7F00081B1A8 /* libsqlite3.dylib */ = {isa = PBXFileReference; lastKnownFileType = "compiled.mach-o.dylib"; name = libsqlite3.dylib; path = usr/lib/libsqlite3.dylib; sourceTree = SDKROOT; };
		94167FDF172CABFF000E1744 /* FindMyCar.h */ = {isa = PBXFileReference; fileEncoding = 4; lastKnownFileType = sourcecode.c.h; path = FindMyCar.h; sourceTree = "<group>"; };
		94167FE0172CABFF000E1744 /* FindMyCar.m */ = {isa = PBXFileReference; fileEncoding = 4; lastKnownFileType = sourcecode.c.objc; path = FindMyCar.m; sourceTree = "<group>"; };
		94303A581709210E00877089 /* MapKit.framework */ = {isa = PBXFileReference; lastKnownFileType = wrapper.framework; name = MapKit.framework; path = System/Library/Frameworks/MapKit.framework; sourceTree = SDKROOT; };
		94303A5D17092CCF00877089 /* CoreLocation.framework */ = {isa = PBXFileReference; lastKnownFileType = wrapper.framework; name = CoreLocation.framework; path = System/Library/Frameworks/CoreLocation.framework; sourceTree = SDKROOT; };
		943B3FF616BEA3E300FE7428 /* Find_My_Car.app */ = {isa = PBXFileReference; explicitFileType = wrapper.application; includeInIndex = 0; path = Find_My_Car.app; sourceTree = BUILT_PRODUCTS_DIR; };
		943B3FF916BEA3E300FE7428 /* UIKit.framework */ = {isa = PBXFileReference; lastKnownFileType = wrapper.framework; name = UIKit.framework; path = System/Library/Frameworks/UIKit.framework; sourceTree = SDKROOT; };
		943B3FFB16BEA3E300FE7428 /* Foundation.framework */ = {isa = PBXFileReference; lastKnownFileType = wrapper.framework; name = Foundation.framework; path = System/Library/Frameworks/Foundation.framework; sourceTree = SDKROOT; };
		943B3FFD16BEA3E300FE7428 /* CoreGraphics.framework */ = {isa = PBXFileReference; lastKnownFileType = wrapper.framework; name = CoreGraphics.framework; path = System/Library/Frameworks/CoreGraphics.framework; sourceTree = SDKROOT; };
		943B400116BEA3E300FE7428 /* Find_My_Car-Info.plist */ = {isa = PBXFileReference; lastKnownFileType = text.plist.xml; path = "Find_My_Car-Info.plist"; sourceTree = "<group>"; };
		943B400316BEA3E300FE7428 /* en */ = {isa = PBXFileReference; lastKnownFileType = text.plist.strings; name = en; path = en.lproj/InfoPlist.strings; sourceTree = "<group>"; };
		943B400516BEA3E300FE7428 /* main.m */ = {isa = PBXFileReference; lastKnownFileType = sourcecode.c.objc; path = main.m; sourceTree = "<group>"; };
		943B400716BEA3E300FE7428 /* Find_My_Car-Prefix.pch */ = {isa = PBXFileReference; lastKnownFileType = sourcecode.c.h; path = "Find_My_Car-Prefix.pch"; sourceTree = "<group>"; };
		AABAF046172BC46C00FCECA0 /* Default-568h@2x.png */ = {isa = PBXFileReference; lastKnownFileType = image.png; path = "Default-568h@2x.png"; sourceTree = "<group>"; };
		AABAF047172BC46C00FCECA0 /* Default.png */ = {isa = PBXFileReference; lastKnownFileType = image.png; path = Default.png; sourceTree = "<group>"; };
		AABAF048172BC46C00FCECA0 /* Default@2x.png */ = {isa = PBXFileReference; lastKnownFileType = image.png; path = "Default@2x.png"; sourceTree = "<group>"; };
		AABAF049172BC46C00FCECA0 /* MainStoryboard.storyboard */ = {isa = PBXFileReference; fileEncoding = 4; lastKnownFileType = file.storyboard; path = MainStoryboard.storyboard; sourceTree = "<group>"; };
		AABAF04C172BC46C00FCECA0 /* AppDelegate.h */ = {isa = PBXFileReference; fileEncoding = 4; lastKnownFileType = sourcecode.c.h; path = AppDelegate.h; sourceTree = "<group>"; };
		AABAF04D172BC46C00FCECA0 /* AppDelegate.m */ = {isa = PBXFileReference; fileEncoding = 4; lastKnownFileType = sourcecode.c.objc; path = AppDelegate.m; sourceTree = "<group>"; };
		AABAF04E172BC46C00FCECA0 /* DBHelper.h */ = {isa = PBXFileReference; fileEncoding = 4; lastKnownFileType = sourcecode.c.h; path = DBHelper.h; sourceTree = "<group>"; };
		AABAF04F172BC46C00FCECA0 /* DBHelper.m */ = {isa = PBXFileReference; fileEncoding = 4; lastKnownFileType = sourcecode.c.objc; path = DBHelper.m; sourceTree = "<group>"; };
		AABAF052172BC46C00FCECA0 /* FMDatabase.h */ = {isa = PBXFileReference; fileEncoding = 4; lastKnownFileType = sourcecode.c.h; path = FMDatabase.h; sourceTree = "<group>"; };
		AABAF053172BC46C00FCECA0 /* FMDatabase.m */ = {isa = PBXFileReference; fileEncoding = 4; lastKnownFileType = sourcecode.c.objc; path = FMDatabase.m; sourceTree = "<group>"; };
		AABAF054172BC46C00FCECA0 /* FMDatabaseAdditions.h */ = {isa = PBXFileReference; fileEncoding = 4; lastKnownFileType = sourcecode.c.h; path = FMDatabaseAdditions.h; sourceTree = "<group>"; };
		AABAF055172BC46C00FCECA0 /* FMDatabaseAdditions.m */ = {isa = PBXFileReference; fileEncoding = 4; lastKnownFileType = sourcecode.c.objc; path = FMDatabaseAdditions.m; sourceTree = "<group>"; };
		AABAF056172BC46C00FCECA0 /* FMDatabasePool.h */ = {isa = PBXFileReference; fileEncoding = 4; lastKnownFileType = sourcecode.c.h; path = FMDatabasePool.h; sourceTree = "<group>"; };
		AABAF057172BC46C00FCECA0 /* FMDatabasePool.m */ = {isa = PBXFileReference; fileEncoding = 4; lastKnownFileType = sourcecode.c.objc; path = FMDatabasePool.m; sourceTree = "<group>"; };
		AABAF058172BC46C00FCECA0 /* FMDatabaseQueue.h */ = {isa = PBXFileReference; fileEncoding = 4; lastKnownFileType = sourcecode.c.h; path = FMDatabaseQueue.h; sourceTree = "<group>"; };
		AABAF059172BC46C00FCECA0 /* FMDatabaseQueue.m */ = {isa = PBXFileReference; fileEncoding = 4; lastKnownFileType = sourcecode.c.objc; path = FMDatabaseQueue.m; sourceTree = "<group>"; };
		AABAF05A172BC46C00FCECA0 /* FMResultSet.h */ = {isa = PBXFileReference; fileEncoding = 4; lastKnownFileType = sourcecode.c.h; path = FMResultSet.h; sourceTree = "<group>"; };
		AABAF05B172BC46C00FCECA0 /* FMResultSet.m */ = {isa = PBXFileReference; fileEncoding = 4; lastKnownFileType = sourcecode.c.objc; path = FMResultSet.m; sourceTree = "<group>"; };
		AABAF05D172BC46C00FCECA0 /* AddInstance.h */ = {isa = PBXFileReference; fileEncoding = 4; lastKnownFileType = sourcecode.c.h; path = AddInstance.h; sourceTree = "<group>"; };
		AABAF05E172BC46C00FCECA0 /* AddInstance.m */ = {isa = PBXFileReference; fileEncoding = 4; lastKnownFileType = sourcecode.c.objc; path = AddInstance.m; sourceTree = "<group>"; };
		AABAF05F172BC46C00FCECA0 /* History.h */ = {isa = PBXFileReference; fileEncoding = 4; lastKnownFileType = sourcecode.c.h; path = History.h; sourceTree = "<group>"; };
		AABAF060172BC46C00FCECA0 /* History.m */ = {isa = PBXFileReference; fileEncoding = 4; lastKnownFileType = sourcecode.c.objc; path = History.m; sourceTree = "<group>"; };
		AABAF061172BC46C00FCECA0 /* HistoryEntity.h */ = {isa = PBXFileReference; fileEncoding = 4; lastKnownFileType = sourcecode.c.h; path = HistoryEntity.h; sourceTree = "<group>"; };
		AABAF062172BC46C00FCECA0 /* HistoryEntity.m */ = {isa = PBXFileReference; fileEncoding = 4; lastKnownFileType = sourcecode.c.objc; path = HistoryEntity.m; sourceTree = "<group>"; };
		AABAF063172BC46C00FCECA0 /* LastEvent.h */ = {isa = PBXFileReference; fileEncoding = 4; lastKnownFileType = sourcecode.c.h; path = LastEvent.h; sourceTree = "<group>"; };
		AABAF064172BC46C00FCECA0 /* LastEvent.m */ = {isa = PBXFileReference; fileEncoding = 4; lastKnownFileType = sourcecode.c.objc; path = LastEvent.m; sourceTree = "<group>"; };
		AABAF065172BC46C00FCECA0 /* Location.h */ = {isa = PBXFileReference; fileEncoding = 4; lastKnownFileType = sourcecode.c.h; path = Location.h; sourceTree = "<group>"; };
		AABAF066172BC46C00FCECA0 /* Location.m */ = {isa = PBXFileReference; fileEncoding = 4; lastKnownFileType = sourcecode.c.objc; path = Location.m; sourceTree = "<group>"; };
		AABAF067172BC46C00FCECA0 /* MainTableViewController.h */ = {isa = PBXFileReference; fileEncoding = 4; lastKnownFileType = sourcecode.c.h; path = MainTableViewController.h; sourceTree = "<group>"; };
		AABAF068172BC46C00FCECA0 /* MainTableViewController.m */ = {isa = PBXFileReference; fileEncoding = 4; lastKnownFileType = sourcecode.c.objc; path = MainTableViewController.m; sourceTree = "<group>"; };
		AABAF07A172BCB5900FCECA0 /* HistoryData.h */ = {isa = PBXFileReference; fileEncoding = 4; lastKnownFileType = sourcecode.c.h; path = HistoryData.h; sourceTree = "<group>"; };
		AABAF07B172BCB5900FCECA0 /* HistoryData.m */ = {isa = PBXFileReference; fileEncoding = 4; lastKnownFileType = sourcecode.c.objc; path = HistoryData.m; sourceTree = "<group>"; };
/* End PBXFileReference section */

/* Begin PBXFrameworksBuildPhase section */
		943B3FF316BEA3E300FE7428 /* Frameworks */ = {
			isa = PBXFrameworksBuildPhase;
			buildActionMask = 2147483647;
			files = (
				940AE6D01720D7F00081B1A8 /* libsqlite3.dylib in Frameworks */,
				94303A5E17092CCF00877089 /* CoreLocation.framework in Frameworks */,
				94303A591709210E00877089 /* MapKit.framework in Frameworks */,
				943B3FFA16BEA3E300FE7428 /* UIKit.framework in Frameworks */,
				943B3FFC16BEA3E300FE7428 /* Foundation.framework in Frameworks */,
				943B3FFE16BEA3E300FE7428 /* CoreGraphics.framework in Frameworks */,
			);
			runOnlyForDeploymentPostprocessing = 0;
		};
/* End PBXFrameworksBuildPhase section */

/* Begin PBXGroup section */
		943B3FED16BEA3E300FE7428 = {
			isa = PBXGroup;
			children = (
				943B3FFF16BEA3E300FE7428 /* Find_My_Car */,
				943B3FF816BEA3E300FE7428 /* Frameworks */,
				943B3FF716BEA3E300FE7428 /* Products */,
			);
			sourceTree = "<group>";
		};
		943B3FF716BEA3E300FE7428 /* Products */ = {
			isa = PBXGroup;
			children = (
				943B3FF616BEA3E300FE7428 /* Find_My_Car.app */,
			);
			name = Products;
			sourceTree = "<group>";
		};
		943B3FF816BEA3E300FE7428 /* Frameworks */ = {
			isa = PBXGroup;
			children = (
				940AE6CF1720D7F00081B1A8 /* libsqlite3.dylib */,
				94303A5D17092CCF00877089 /* CoreLocation.framework */,
				94303A581709210E00877089 /* MapKit.framework */,
				943B3FF916BEA3E300FE7428 /* UIKit.framework */,
				943B3FFB16BEA3E300FE7428 /* Foundation.framework */,
				943B3FFD16BEA3E300FE7428 /* CoreGraphics.framework */,
			);
			name = Frameworks;
			sourceTree = "<group>";
		};
		943B3FFF16BEA3E300FE7428 /* Find_My_Car */ = {
			isa = PBXGroup;
			children = (
				AABAF045172BC46C00FCECA0 /* res */,
				AABAF04A172BC46C00FCECA0 /* src */,
				943B400516BEA3E300FE7428 /* main.m */,
				943B400016BEA3E300FE7428 /* Supporting Files */,
			);
			path = Find_My_Car;
			sourceTree = "<group>";
		};
		943B400016BEA3E300FE7428 /* Supporting Files */ = {
			isa = PBXGroup;
			children = (
				943B400116BEA3E300FE7428 /* Find_My_Car-Info.plist */,
				943B400216BEA3E300FE7428 /* InfoPlist.strings */,
				943B400716BEA3E300FE7428 /* Find_My_Car-Prefix.pch */,
			);
			name = "Supporting Files";
			sourceTree = "<group>";
		};
		AABAF045172BC46C00FCECA0 /* res */ = {
			isa = PBXGroup;
			children = (
				AABAF046172BC46C00FCECA0 /* Default-568h@2x.png */,
				AABAF047172BC46C00FCECA0 /* Default.png */,
				AABAF048172BC46C00FCECA0 /* Default@2x.png */,
				AABAF049172BC46C00FCECA0 /* MainStoryboard.storyboard */,
			);
			path = res;
			sourceTree = "<group>";
		};
		AABAF04A172BC46C00FCECA0 /* src */ = {
			isa = PBXGroup;
			children = (
				AABAF04B172BC46C00FCECA0 /* object */,
				AABAF050172BC46C00FCECA0 /* third_party */,
				AABAF05C172BC46C00FCECA0 /* vc */,
			);
			path = src;
			sourceTree = "<group>";
		};
		AABAF04B172BC46C00FCECA0 /* object */ = {
			isa = PBXGroup;
			children = (
				AABAF04C172BC46C00FCECA0 /* AppDelegate.h */,
				AABAF04D172BC46C00FCECA0 /* AppDelegate.m */,
				AABAF04E172BC46C00FCECA0 /* DBHelper.h */,
				AABAF04F172BC46C00FCECA0 /* DBHelper.m */,
				AABAF07A172BCB5900FCECA0 /* HistoryData.h */,
				AABAF07B172BCB5900FCECA0 /* HistoryData.m */,
			);
			path = object;
			sourceTree = "<group>";
		};
		AABAF050172BC46C00FCECA0 /* third_party */ = {
			isa = PBXGroup;
			children = (
				AABAF051172BC46C00FCECA0 /* FMDB */,
			);
			path = third_party;
			sourceTree = "<group>";
		};
		AABAF051172BC46C00FCECA0 /* FMDB */ = {
			isa = PBXGroup;
			children = (
				AABAF052172BC46C00FCECA0 /* FMDatabase.h */,
				AABAF053172BC46C00FCECA0 /* FMDatabase.m */,
				AABAF054172BC46C00FCECA0 /* FMDatabaseAdditions.h */,
				AABAF055172BC46C00FCECA0 /* FMDatabaseAdditions.m */,
				AABAF056172BC46C00FCECA0 /* FMDatabasePool.h */,
				AABAF057172BC46C00FCECA0 /* FMDatabasePool.m */,
				AABAF058172BC46C00FCECA0 /* FMDatabaseQueue.h */,
				AABAF059172BC46C00FCECA0 /* FMDatabaseQueue.m */,
				AABAF05A172BC46C00FCECA0 /* FMResultSet.h */,
				AABAF05B172BC46C00FCECA0 /* FMResultSet.m */,
			);
			path = FMDB;
			sourceTree = "<group>";
		};
		AABAF05C172BC46C00FCECA0 /* vc */ = {
			isa = PBXGroup;
			children = (
				AABAF05D172BC46C00FCECA0 /* AddInstance.h */,
				AABAF05E172BC46C00FCECA0 /* AddInstance.m */,
				AABAF05F172BC46C00FCECA0 /* History.h */,
				AABAF060172BC46C00FCECA0 /* History.m */,
				AABAF061172BC46C00FCECA0 /* HistoryEntity.h */,
				AABAF062172BC46C00FCECA0 /* HistoryEntity.m */,
				AABAF063172BC46C00FCECA0 /* LastEvent.h */,
				AABAF064172BC46C00FCECA0 /* LastEvent.m */,
				AABAF065172BC46C00FCECA0 /* Location.h */,
				AABAF066172BC46C00FCECA0 /* Location.m */,
				AABAF067172BC46C00FCECA0 /* MainTableViewController.h */,
				AABAF068172BC46C00FCECA0 /* MainTableViewController.m */,
				94167FDF172CABFF000E1744 /* FindMyCar.h */,
				94167FE0172CABFF000E1744 /* FindMyCar.m */,
			);
			path = vc;
			sourceTree = "<group>";
		};
/* End PBXGroup section */

/* Begin PBXNativeTarget section */
		943B3FF516BEA3E300FE7428 /* Find_My_Car */ = {
			isa = PBXNativeTarget;
			buildConfigurationList = 943B401916BEA3E400FE7428 /* Build configuration list for PBXNativeTarget "Find_My_Car" */;
			buildPhases = (
				943B3FF216BEA3E300FE7428 /* Sources */,
				943B3FF316BEA3E300FE7428 /* Frameworks */,
				943B3FF416BEA3E300FE7428 /* Resources */,
			);
			buildRules = (
			);
			dependencies = (
			);
			name = Find_My_Car;
			productName = Find_My_Car;
			productReference = 943B3FF616BEA3E300FE7428 /* Find_My_Car.app */;
			productType = "com.apple.product-type.application";
		};
/* End PBXNativeTarget section */

/* Begin PBXProject section */
		943B3FEE16BEA3E300FE7428 /* Project object */ = {
			isa = PBXProject;
			attributes = {
				LastUpgradeCheck = 0460;
				ORGANIZATIONNAME = Nick;
			};
			buildConfigurationList = 943B3FF116BEA3E300FE7428 /* Build configuration list for PBXProject "Find_My_Car" */;
			compatibilityVersion = "Xcode 3.2";
			developmentRegion = English;
			hasScannedForEncodings = 0;
			knownRegions = (
				en,
			);
			mainGroup = 943B3FED16BEA3E300FE7428;
			productRefGroup = 943B3FF716BEA3E300FE7428 /* Products */;
			projectDirPath = "";
			projectRoot = "";
			targets = (
				943B3FF516BEA3E300FE7428 /* Find_My_Car */,
			);
		};
/* End PBXProject section */

/* Begin PBXResourcesBuildPhase section */
		943B3FF416BEA3E300FE7428 /* Resources */ = {
			isa = PBXResourcesBuildPhase;
			buildActionMask = 2147483647;
			files = (
				943B400416BEA3E300FE7428 /* InfoPlist.strings in Resources */,
				AABAF069172BC46C00FCECA0 /* Default-568h@2x.png in Resources */,
				AABAF06A172BC46C00FCECA0 /* Default.png in Resources */,
				AABAF06B172BC46C00FCECA0 /* Default@2x.png in Resources */,
				AABAF06C172BC46C00FCECA0 /* MainStoryboard.storyboard in Resources */,
			);
			runOnlyForDeploymentPostprocessing = 0;
		};
/* End PBXResourcesBuildPhase section */

/* Begin PBXSourcesBuildPhase section */
		943B3FF216BEA3E300FE7428 /* Sources */ = {
			isa = PBXSourcesBuildPhase;
			buildActionMask = 2147483647;
			files = (
				943B400616BEA3E300FE7428 /* main.m in Sources */,
				AABAF06D172BC46C00FCECA0 /* AppDelegate.m in Sources */,
				AABAF06E172BC46C00FCECA0 /* DBHelper.m in Sources */,
				AABAF06F172BC46C00FCECA0 /* FMDatabase.m in Sources */,
				AABAF070172BC46C00FCECA0 /* FMDatabaseAdditions.m in Sources */,
				AABAF071172BC46C00FCECA0 /* FMDatabasePool.m in Sources */,
				AABAF072172BC46C00FCECA0 /* FMDatabaseQueue.m in Sources */,
				AABAF073172BC46C00FCECA0 /* FMResultSet.m in Sources */,
				AABAF074172BC46C00FCECA0 /* AddInstance.m in Sources */,
				AABAF075172BC46C00FCECA0 /* History.m in Sources */,
				AABAF076172BC46C00FCECA0 /* HistoryEntity.m in Sources */,
				AABAF077172BC46C00FCECA0 /* LastEvent.m in Sources */,
				AABAF078172BC46C00FCECA0 /* Location.m in Sources */,
				AABAF079172BC46C00FCECA0 /* MainTableViewController.m in Sources */,
				AABAF07C172BCB5900FCECA0 /* HistoryData.m in Sources */,
				94167FE1172CABFF000E1744 /* FindMyCar.m in Sources */,
			);
			runOnlyForDeploymentPostprocessing = 0;
		};
/* End PBXSourcesBuildPhase section */

/* Begin PBXVariantGroup section */
		943B400216BEA3E300FE7428 /* InfoPlist.strings */ = {
			isa = PBXVariantGroup;
			children = (
				943B400316BEA3E300FE7428 /* en */,
			);
			name = InfoPlist.strings;
			sourceTree = "<group>";
		};
/* End PBXVariantGroup section */

/* Begin XCBuildConfiguration section */
		943B401716BEA3E400FE7428 /* Debug */ = {
			isa = XCBuildConfiguration;
			buildSettings = {
				ALWAYS_SEARCH_USER_PATHS = NO;
				CLANG_CXX_LANGUAGE_STANDARD = "gnu++0x";
				CLANG_CXX_LIBRARY = "libc++";
				CLANG_WARN_CONSTANT_CONVERSION = YES;
				CLANG_WARN_EMPTY_BODY = YES;
				CLANG_WARN_ENUM_CONVERSION = YES;
				CLANG_WARN_INT_CONVERSION = YES;
				CLANG_WARN__DUPLICATE_METHOD_MATCH = YES;
				"CODE_SIGN_IDENTITY[sdk=iphoneos*]" = "iPhone Developer";
				COPY_PHASE_STRIP = NO;
				GCC_C_LANGUAGE_STANDARD = gnu99;
				GCC_DYNAMIC_NO_PIC = NO;
				GCC_OPTIMIZATION_LEVEL = 0;
				GCC_PREPROCESSOR_DEFINITIONS = (
					"DEBUG=1",
					"$(inherited)",
				);
				GCC_SYMBOLS_PRIVATE_EXTERN = NO;
				GCC_WARN_ABOUT_RETURN_TYPE = YES;
				GCC_WARN_UNINITIALIZED_AUTOS = YES;
				GCC_WARN_UNUSED_VARIABLE = YES;
				IPHONEOS_DEPLOYMENT_TARGET = 6.1;
				ONLY_ACTIVE_ARCH = YES;
				SDKROOT = iphoneos;
			};
			name = Debug;
		};
		943B401816BEA3E400FE7428 /* Release */ = {
			isa = XCBuildConfiguration;
			buildSettings = {
				ALWAYS_SEARCH_USER_PATHS = NO;
				CLANG_CXX_LANGUAGE_STANDARD = "gnu++0x";
				CLANG_CXX_LIBRARY = "libc++";
				CLANG_WARN_CONSTANT_CONVERSION = YES;
				CLANG_WARN_EMPTY_BODY = YES;
				CLANG_WARN_ENUM_CONVERSION = YES;
				CLANG_WARN_INT_CONVERSION = YES;
				CLANG_WARN__DUPLICATE_METHOD_MATCH = YES;
				"CODE_SIGN_IDENTITY[sdk=iphoneos*]" = "iPhone Developer";
				COPY_PHASE_STRIP = YES;
				GCC_C_LANGUAGE_STANDARD = gnu99;
				GCC_WARN_ABOUT_RETURN_TYPE = YES;
				GCC_WARN_UNINITIALIZED_AUTOS = YES;
				GCC_WARN_UNUSED_VARIABLE = YES;
				IPHONEOS_DEPLOYMENT_TARGET = 6.1;
				OTHER_CFLAGS = "-DNS_BLOCK_ASSERTIONS=1";
				SDKROOT = iphoneos;
				VALIDATE_PRODUCT = YES;
			};
			name = Release;
		};
		943B401A16BEA3E400FE7428 /* Debug */ = {
			isa = XCBuildConfiguration;
			buildSettings = {
				GCC_PRECOMPILE_PREFIX_HEADER = YES;
				GCC_PREFIX_HEADER = "Find_My_Car/Find_My_Car-Prefix.pch";
				INFOPLIST_FILE = "Find_My_Car/Find_My_Car-Info.plist";
				PRODUCT_NAME = "$(TARGET_NAME)";
				WRAPPER_EXTENSION = app;
			};
			name = Debug;
		};
		943B401B16BEA3E400FE7428 /* Release */ = {
			isa = XCBuildConfiguration;
			buildSettings = {
				GCC_PRECOMPILE_PREFIX_HEADER = YES;
				GCC_PREFIX_HEADER = "Find_My_Car/Find_My_Car-Prefix.pch";
				INFOPLIST_FILE = "Find_My_Car/Find_My_Car-Info.plist";
				PRODUCT_NAME = "$(TARGET_NAME)";
				WRAPPER_EXTENSION = app;
			};
			name = Release;
		};
/* End XCBuildConfiguration section */

/* Begin XCConfigurationList section */
		943B3FF116BEA3E300FE7428 /* Build configuration list for PBXProject "Find_My_Car" */ = {
			isa = XCConfigurationList;
			buildConfigurations = (
				943B401716BEA3E400FE7428 /* Debug */,
				943B401816BEA3E400FE7428 /* Release */,
			);
			defaultConfigurationIsVisible = 0;
			defaultConfigurationName = Release;
		};
		943B401916BEA3E400FE7428 /* Build configuration list for PBXNativeTarget "Find_My_Car" */ = {
			isa = XCConfigurationList;
			buildConfigurations = (
				943B401A16BEA3E400FE7428 /* Debug */,
				943B401B16BEA3E400FE7428 /* Release */,
			);
			defaultConfigurationIsVisible = 0;
			defaultConfigurationName = Release;
		};
/* End XCConfigurationList section */
	};
	rootObject = 943B3FEE16BEA3E300FE7428 /* Project object */;
}
