// !$*UTF8*$!
{
	archiveVersion = 1;
	classes = {
	};
	objectVersion = 46;
	objects = {

/* Begin PBXBuildFile section */
		940AE6D01720D7F00081B1A8 /* libsqlite3.dylib in Frameworks */ = {isa = PBXBuildFile; fileRef = 940AE6CF1720D7F00081B1A8 /* libsqlite3.dylib */; };
		94303A5717090C9800877089 /* MainStoryboard.storyboard in Resources */ = {isa = PBXBuildFile; fileRef = 94303A5617090C9800877089 /* MainStoryboard.storyboard */; };
		94303A591709210E00877089 /* MapKit.framework in Frameworks */ = {isa = PBXBuildFile; fileRef = 94303A581709210E00877089 /* MapKit.framework */; };
		94303A5E17092CCF00877089 /* CoreLocation.framework in Frameworks */ = {isa = PBXBuildFile; fileRef = 94303A5D17092CCF00877089 /* CoreLocation.framework */; };
		94303A641709378F00877089 /* Location.m in Sources */ = {isa = PBXBuildFile; fileRef = 94303A631709378F00877089 /* Location.m */; };
		94303A68170980C900877089 /* CoreData.framework in Frameworks */ = {isa = PBXBuildFile; fileRef = 94303A67170980C900877089 /* CoreData.framework */; };
		94303A6B1709837A00877089 /* CarContent.xcdatamodeld in Sources */ = {isa = PBXBuildFile; fileRef = 94303A691709837A00877089 /* CarContent.xcdatamodeld */; };
		94303A6F170985B000877089 /* Car.m in Sources */ = {isa = PBXBuildFile; fileRef = 94303A6E170985B000877089 /* Car.m */; };
		94330AC51720D30000BCB06A /* FMDatabase.m in Sources */ = {isa = PBXBuildFile; fileRef = 94330ABC1720D30000BCB06A /* FMDatabase.m */; };
		94330AC61720D30000BCB06A /* FMDatabaseAdditions.m in Sources */ = {isa = PBXBuildFile; fileRef = 94330ABE1720D30000BCB06A /* FMDatabaseAdditions.m */; };
		94330AC71720D30000BCB06A /* FMDatabasePool.m in Sources */ = {isa = PBXBuildFile; fileRef = 94330AC01720D30000BCB06A /* FMDatabasePool.m */; };
		94330AC81720D30000BCB06A /* FMDatabaseQueue.m in Sources */ = {isa = PBXBuildFile; fileRef = 94330AC21720D30000BCB06A /* FMDatabaseQueue.m */; };
		94330AC91720D30000BCB06A /* FMResultSet.m in Sources */ = {isa = PBXBuildFile; fileRef = 94330AC41720D30000BCB06A /* FMResultSet.m */; };
		943B3FFA16BEA3E300FE7428 /* UIKit.framework in Frameworks */ = {isa = PBXBuildFile; fileRef = 943B3FF916BEA3E300FE7428 /* UIKit.framework */; };
		943B3FFC16BEA3E300FE7428 /* Foundation.framework in Frameworks */ = {isa = PBXBuildFile; fileRef = 943B3FFB16BEA3E300FE7428 /* Foundation.framework */; };
		943B3FFE16BEA3E300FE7428 /* CoreGraphics.framework in Frameworks */ = {isa = PBXBuildFile; fileRef = 943B3FFD16BEA3E300FE7428 /* CoreGraphics.framework */; };
		943B400416BEA3E300FE7428 /* InfoPlist.strings in Resources */ = {isa = PBXBuildFile; fileRef = 943B400216BEA3E300FE7428 /* InfoPlist.strings */; };
		943B400616BEA3E300FE7428 /* main.m in Sources */ = {isa = PBXBuildFile; fileRef = 943B400516BEA3E300FE7428 /* main.m */; };
		943B400A16BEA3E300FE7428 /* AppDelegate.m in Sources */ = {isa = PBXBuildFile; fileRef = 943B400916BEA3E300FE7428 /* AppDelegate.m */; };
		943B400C16BEA3E300FE7428 /* Default.png in Resources */ = {isa = PBXBuildFile; fileRef = 943B400B16BEA3E300FE7428 /* Default.png */; };
		943B400E16BEA3E300FE7428 /* Default@2x.png in Resources */ = {isa = PBXBuildFile; fileRef = 943B400D16BEA3E300FE7428 /* Default@2x.png */; };
		943B401016BEA3E400FE7428 /* Default-568h@2x.png in Resources */ = {isa = PBXBuildFile; fileRef = 943B400F16BEA3E400FE7428 /* Default-568h@2x.png */; };
		943D68B0170816EC00860C5E /* LastEvent.m in Sources */ = {isa = PBXBuildFile; fileRef = 943D68AF170816EC00860C5E /* LastEvent.m */; };
		943E949A170D668300F90BD8 /* History.m in Sources */ = {isa = PBXBuildFile; fileRef = 943E9499170D668200F90BD8 /* History.m */; };
		94816A4617071CA700CF74D8 /* MainTableViewController.m in Sources */ = {isa = PBXBuildFile; fileRef = 94816A4517071CA700CF74D8 /* MainTableViewController.m */; };
		94905574170ACC4C005C9D0E /* AddInstance.m in Sources */ = {isa = PBXBuildFile; fileRef = 94905573170ACC4C005C9D0E /* AddInstance.m */; };
		94F9E637170DDF65005B4DA7 /* HistoryEntity.m in Sources */ = {isa = PBXBuildFile; fileRef = 94F9E636170DDF65005B4DA7 /* HistoryEntity.m */; };
/* End PBXBuildFile section */

/* Begin PBXFileReference section */
		940AE6CF1720D7F00081B1A8 /* libsqlite3.dylib */ = {isa = PBXFileReference; lastKnownFileType = "compiled.mach-o.dylib"; name = libsqlite3.dylib; path = usr/lib/libsqlite3.dylib; sourceTree = SDKROOT; };
		94303A5617090C9800877089 /* MainStoryboard.storyboard */ = {isa = PBXFileReference; fileEncoding = 4; lastKnownFileType = file.storyboard; path = MainStoryboard.storyboard; sourceTree = "<group>"; };
		94303A581709210E00877089 /* MapKit.framework */ = {isa = PBXFileReference; lastKnownFileType = wrapper.framework; name = MapKit.framework; path = System/Library/Frameworks/MapKit.framework; sourceTree = SDKROOT; };
		94303A5D17092CCF00877089 /* CoreLocation.framework */ = {isa = PBXFileReference; lastKnownFileType = wrapper.framework; name = CoreLocation.framework; path = System/Library/Frameworks/CoreLocation.framework; sourceTree = SDKROOT; };
		94303A621709378F00877089 /* Location.h */ = {isa = PBXFileReference; fileEncoding = 4; lastKnownFileType = sourcecode.c.h; path = Location.h; sourceTree = "<group>"; };
		94303A631709378F00877089 /* Location.m */ = {isa = PBXFileReference; fileEncoding = 4; lastKnownFileType = sourcecode.c.objc; path = Location.m; sourceTree = "<group>"; };
		94303A67170980C900877089 /* CoreData.framework */ = {isa = PBXFileReference; lastKnownFileType = wrapper.framework; name = CoreData.framework; path = System/Library/Frameworks/CoreData.framework; sourceTree = SDKROOT; };
		94303A6A1709837A00877089 /* CarContent.xcdatamodel */ = {isa = PBXFileReference; lastKnownFileType = wrapper.xcdatamodel; path = CarContent.xcdatamodel; sourceTree = "<group>"; };
		94303A6D170985B000877089 /* Car.h */ = {isa = PBXFileReference; fileEncoding = 4; lastKnownFileType = sourcecode.c.h; path = Car.h; sourceTree = "<group>"; };
		94303A6E170985B000877089 /* Car.m */ = {isa = PBXFileReference; fileEncoding = 4; lastKnownFileType = sourcecode.c.objc; path = Car.m; sourceTree = "<group>"; };
		94330ABB1720D30000BCB06A /* FMDatabase.h */ = {isa = PBXFileReference; fileEncoding = 4; lastKnownFileType = sourcecode.c.h; path = FMDatabase.h; sourceTree = "<group>"; };
		94330ABC1720D30000BCB06A /* FMDatabase.m */ = {isa = PBXFileReference; fileEncoding = 4; lastKnownFileType = sourcecode.c.objc; path = FMDatabase.m; sourceTree = "<group>"; };
		94330ABD1720D30000BCB06A /* FMDatabaseAdditions.h */ = {isa = PBXFileReference; fileEncoding = 4; lastKnownFileType = sourcecode.c.h; path = FMDatabaseAdditions.h; sourceTree = "<group>"; };
		94330ABE1720D30000BCB06A /* FMDatabaseAdditions.m */ = {isa = PBXFileReference; fileEncoding = 4; lastKnownFileType = sourcecode.c.objc; path = FMDatabaseAdditions.m; sourceTree = "<group>"; };
		94330ABF1720D30000BCB06A /* FMDatabasePool.h */ = {isa = PBXFileReference; fileEncoding = 4; lastKnownFileType = sourcecode.c.h; path = FMDatabasePool.h; sourceTree = "<group>"; };
		94330AC01720D30000BCB06A /* FMDatabasePool.m */ = {isa = PBXFileReference; fileEncoding = 4; lastKnownFileType = sourcecode.c.objc; path = FMDatabasePool.m; sourceTree = "<group>"; };
		94330AC11720D30000BCB06A /* FMDatabaseQueue.h */ = {isa = PBXFileReference; fileEncoding = 4; lastKnownFileType = sourcecode.c.h; path = FMDatabaseQueue.h; sourceTree = "<group>"; };
		94330AC21720D30000BCB06A /* FMDatabaseQueue.m */ = {isa = PBXFileReference; fileEncoding = 4; lastKnownFileType = sourcecode.c.objc; path = FMDatabaseQueue.m; sourceTree = "<group>"; };
		94330AC31720D30000BCB06A /* FMResultSet.h */ = {isa = PBXFileReference; fileEncoding = 4; lastKnownFileType = sourcecode.c.h; path = FMResultSet.h; sourceTree = "<group>"; };
		94330AC41720D30000BCB06A /* FMResultSet.m */ = {isa = PBXFileReference; fileEncoding = 4; lastKnownFileType = sourcecode.c.objc; path = FMResultSet.m; sourceTree = "<group>"; };
		943B3FF616BEA3E300FE7428 /* Find_My_Car.app */ = {isa = PBXFileReference; explicitFileType = wrapper.application; includeInIndex = 0; path = Find_My_Car.app; sourceTree = BUILT_PRODUCTS_DIR; };
		943B3FF916BEA3E300FE7428 /* UIKit.framework */ = {isa = PBXFileReference; lastKnownFileType = wrapper.framework; name = UIKit.framework; path = System/Library/Frameworks/UIKit.framework; sourceTree = SDKROOT; };
		943B3FFB16BEA3E300FE7428 /* Foundation.framework */ = {isa = PBXFileReference; lastKnownFileType = wrapper.framework; name = Foundation.framework; path = System/Library/Frameworks/Foundation.framework; sourceTree = SDKROOT; };
		943B3FFD16BEA3E300FE7428 /* CoreGraphics.framework */ = {isa = PBXFileReference; lastKnownFileType = wrapper.framework; name = CoreGraphics.framework; path = System/Library/Frameworks/CoreGraphics.framework; sourceTree = SDKROOT; };
		943B400116BEA3E300FE7428 /* Find_My_Car-Info.plist */ = {isa = PBXFileReference; lastKnownFileType = text.plist.xml; path = "Find_My_Car-Info.plist"; sourceTree = "<group>"; };
		943B400316BEA3E300FE7428 /* en */ = {isa = PBXFileReference; lastKnownFileType = text.plist.strings; name = en; path = en.lproj/InfoPlist.strings; sourceTree = "<group>"; };
		943B400516BEA3E300FE7428 /* main.m */ = {isa = PBXFileReference; lastKnownFileType = sourcecode.c.objc; path = main.m; sourceTree = "<group>"; };
		943B400716BEA3E300FE7428 /* Find_My_Car-Prefix.pch */ = {isa = PBXFileReference; lastKnownFileType = sourcecode.c.h; path = "Find_My_Car-Prefix.pch"; sourceTree = "<group>"; };
		943B400816BEA3E300FE7428 /* AppDelegate.h */ = {isa = PBXFileReference; lastKnownFileType = sourcecode.c.h; path = AppDelegate.h; sourceTree = "<group>"; };
		943B400916BEA3E300FE7428 /* AppDelegate.m */ = {isa = PBXFileReference; lastKnownFileType = sourcecode.c.objc; path = AppDelegate.m; sourceTree = "<group>"; };
		943B400B16BEA3E300FE7428 /* Default.png */ = {isa = PBXFileReference; lastKnownFileType = image.png; path = Default.png; sourceTree = "<group>"; };
		943B400D16BEA3E300FE7428 /* Default@2x.png */ = {isa = PBXFileReference; lastKnownFileType = image.png; path = "Default@2x.png"; sourceTree = "<group>"; };
		943B400F16BEA3E400FE7428 /* Default-568h@2x.png */ = {isa = PBXFileReference; lastKnownFileType = image.png; path = "Default-568h@2x.png"; sourceTree = "<group>"; };
		943D68AE170816EC00860C5E /* LastEvent.h */ = {isa = PBXFileReference; fileEncoding = 4; lastKnownFileType = sourcecode.c.h; path = LastEvent.h; sourceTree = "<group>"; };
		943D68AF170816EC00860C5E /* LastEvent.m */ = {isa = PBXFileReference; fileEncoding = 4; lastKnownFileType = sourcecode.c.objc; path = LastEvent.m; sourceTree = "<group>"; };
		943E9498170D668200F90BD8 /* History.h */ = {isa = PBXFileReference; fileEncoding = 4; lastKnownFileType = sourcecode.c.h; path = History.h; sourceTree = "<group>"; };
		943E9499170D668200F90BD8 /* History.m */ = {isa = PBXFileReference; fileEncoding = 4; lastKnownFileType = sourcecode.c.objc; path = History.m; sourceTree = "<group>"; };
		94816A4417071CA700CF74D8 /* MainTableViewController.h */ = {isa = PBXFileReference; fileEncoding = 4; lastKnownFileType = sourcecode.c.h; path = MainTableViewController.h; sourceTree = "<group>"; };
		94816A4517071CA700CF74D8 /* MainTableViewController.m */ = {isa = PBXFileReference; fileEncoding = 4; lastKnownFileType = sourcecode.c.objc; path = MainTableViewController.m; sourceTree = "<group>"; };
		94905572170ACC4C005C9D0E /* AddInstance.h */ = {isa = PBXFileReference; fileEncoding = 4; lastKnownFileType = sourcecode.c.h; path = AddInstance.h; sourceTree = "<group>"; };
		94905573170ACC4C005C9D0E /* AddInstance.m */ = {isa = PBXFileReference; fileEncoding = 4; lastKnownFileType = sourcecode.c.objc; path = AddInstance.m; sourceTree = "<group>"; };
		94F9E635170DDF65005B4DA7 /* HistoryEntity.h */ = {isa = PBXFileReference; fileEncoding = 4; lastKnownFileType = sourcecode.c.h; path = HistoryEntity.h; sourceTree = "<group>"; };
		94F9E636170DDF65005B4DA7 /* HistoryEntity.m */ = {isa = PBXFileReference; fileEncoding = 4; lastKnownFileType = sourcecode.c.objc; path = HistoryEntity.m; sourceTree = "<group>"; };
/* End PBXFileReference section */

/* Begin PBXFrameworksBuildPhase section */
		943B3FF316BEA3E300FE7428 /* Frameworks */ = {
			isa = PBXFrameworksBuildPhase;
			buildActionMask = 2147483647;
			files = (
				940AE6D01720D7F00081B1A8 /* libsqlite3.dylib in Frameworks */,
				94303A68170980C900877089 /* CoreData.framework in Frameworks */,
				94303A5E17092CCF00877089 /* CoreLocation.framework in Frameworks */,
				94303A591709210E00877089 /* MapKit.framework in Frameworks */,
				943B3FFA16BEA3E300FE7428 /* UIKit.framework in Frameworks */,
				943B3FFC16BEA3E300FE7428 /* Foundation.framework in Frameworks */,
				943B3FFE16BEA3E300FE7428 /* CoreGraphics.framework in Frameworks */,
			);
			runOnlyForDeploymentPostprocessing = 0;
		};
/* End PBXFrameworksBuildPhase section */

/* Begin PBXGroup section */
		94303A6C1709856500877089 /* Data */ = {
			isa = PBXGroup;
			children = (
				94303A691709837A00877089 /* CarContent.xcdatamodeld */,
				94303A6D170985B000877089 /* Car.h */,
				94303A6E170985B000877089 /* Car.m */,
			);
			name = Data;
			sourceTree = "<group>";
		};
		94330ABA1720D30000BCB06A /* FMDB */ = {
			isa = PBXGroup;
			children = (
				94330ABB1720D30000BCB06A /* FMDatabase.h */,
				94330ABC1720D30000BCB06A /* FMDatabase.m */,
				94330ABD1720D30000BCB06A /* FMDatabaseAdditions.h */,
				94330ABE1720D30000BCB06A /* FMDatabaseAdditions.m */,
				94330ABF1720D30000BCB06A /* FMDatabasePool.h */,
				94330AC01720D30000BCB06A /* FMDatabasePool.m */,
				94330AC11720D30000BCB06A /* FMDatabaseQueue.h */,
				94330AC21720D30000BCB06A /* FMDatabaseQueue.m */,
				94330AC31720D30000BCB06A /* FMResultSet.h */,
				94330AC41720D30000BCB06A /* FMResultSet.m */,
			);
			path = FMDB;
			sourceTree = "<group>";
		};
		943B3FED16BEA3E300FE7428 = {
			isa = PBXGroup;
			children = (
				943B3FFF16BEA3E300FE7428 /* Find_My_Car */,
				943B3FF816BEA3E300FE7428 /* Frameworks */,
				943B3FF716BEA3E300FE7428 /* Products */,
			);
			sourceTree = "<group>";
		};
		943B3FF716BEA3E300FE7428 /* Products */ = {
			isa = PBXGroup;
			children = (
				943B3FF616BEA3E300FE7428 /* Find_My_Car.app */,
			);
			name = Products;
			sourceTree = "<group>";
		};
		943B3FF816BEA3E300FE7428 /* Frameworks */ = {
			isa = PBXGroup;
			children = (
				940AE6CF1720D7F00081B1A8 /* libsqlite3.dylib */,
				94303A67170980C900877089 /* CoreData.framework */,
				94303A5D17092CCF00877089 /* CoreLocation.framework */,
				94303A581709210E00877089 /* MapKit.framework */,
				943B3FF916BEA3E300FE7428 /* UIKit.framework */,
				943B3FFB16BEA3E300FE7428 /* Foundation.framework */,
				943B3FFD16BEA3E300FE7428 /* CoreGraphics.framework */,
			);
			name = Frameworks;
			sourceTree = "<group>";
		};
		943B3FFF16BEA3E300FE7428 /* Find_My_Car */ = {
			isa = PBXGroup;
			children = (
				94303A5617090C9800877089 /* MainStoryboard.storyboard */,
				943B400816BEA3E300FE7428 /* AppDelegate.h */,
				943B400916BEA3E300FE7428 /* AppDelegate.m */,
				94816A4417071CA700CF74D8 /* MainTableViewController.h */,
				94816A4517071CA700CF74D8 /* MainTableViewController.m */,
				94303A6C1709856500877089 /* Data */,
				94330ABA1720D30000BCB06A /* FMDB */,
				943B400016BEA3E300FE7428 /* Supporting Files */,
			);
			path = Find_My_Car;
			sourceTree = "<group>";
		};
		943B400016BEA3E300FE7428 /* Supporting Files */ = {
			isa = PBXGroup;
			children = (
				943D68AE170816EC00860C5E /* LastEvent.h */,
				943D68AF170816EC00860C5E /* LastEvent.m */,
				943B400116BEA3E300FE7428 /* Find_My_Car-Info.plist */,
				943B400216BEA3E300FE7428 /* InfoPlist.strings */,
				943B400516BEA3E300FE7428 /* main.m */,
				943B400716BEA3E300FE7428 /* Find_My_Car-Prefix.pch */,
				943B400B16BEA3E300FE7428 /* Default.png */,
				943B400D16BEA3E300FE7428 /* Default@2x.png */,
				943B400F16BEA3E400FE7428 /* Default-568h@2x.png */,
				94303A621709378F00877089 /* Location.h */,
				94303A631709378F00877089 /* Location.m */,
				94905572170ACC4C005C9D0E /* AddInstance.h */,
				94905573170ACC4C005C9D0E /* AddInstance.m */,
				943E9498170D668200F90BD8 /* History.h */,
				943E9499170D668200F90BD8 /* History.m */,
				94F9E635170DDF65005B4DA7 /* HistoryEntity.h */,
				94F9E636170DDF65005B4DA7 /* HistoryEntity.m */,
			);
			name = "Supporting Files";
			sourceTree = "<group>";
		};
/* End PBXGroup section */

/* Begin PBXNativeTarget section */
		943B3FF516BEA3E300FE7428 /* Find_My_Car */ = {
			isa = PBXNativeTarget;
			buildConfigurationList = 943B401916BEA3E400FE7428 /* Build configuration list for PBXNativeTarget "Find_My_Car" */;
			buildPhases = (
				943B3FF216BEA3E300FE7428 /* Sources */,
				943B3FF316BEA3E300FE7428 /* Frameworks */,
				943B3FF416BEA3E300FE7428 /* Resources */,
			);
			buildRules = (
			);
			dependencies = (
			);
			name = Find_My_Car;
			productName = Find_My_Car;
			productReference = 943B3FF616BEA3E300FE7428 /* Find_My_Car.app */;
			productType = "com.apple.product-type.application";
		};
/* End PBXNativeTarget section */

/* Begin PBXProject section */
		943B3FEE16BEA3E300FE7428 /* Project object */ = {
			isa = PBXProject;
			attributes = {
				LastUpgradeCheck = 0460;
				ORGANIZATIONNAME = Nick;
			};
			buildConfigurationList = 943B3FF116BEA3E300FE7428 /* Build configuration list for PBXProject "Find_My_Car" */;
			compatibilityVersion = "Xcode 3.2";
			developmentRegion = English;
			hasScannedForEncodings = 0;
			knownRegions = (
				en,
			);
			mainGroup = 943B3FED16BEA3E300FE7428;
			productRefGroup = 943B3FF716BEA3E300FE7428 /* Products */;
			projectDirPath = "";
			projectRoot = "";
			targets = (
				943B3FF516BEA3E300FE7428 /* Find_My_Car */,
			);
		};
/* End PBXProject section */

/* Begin PBXResourcesBuildPhase section */
		943B3FF416BEA3E300FE7428 /* Resources */ = {
			isa = PBXResourcesBuildPhase;
			buildActionMask = 2147483647;
			files = (
				943B400416BEA3E300FE7428 /* InfoPlist.strings in Resources */,
				943B400C16BEA3E300FE7428 /* Default.png in Resources */,
				943B400E16BEA3E300FE7428 /* Default@2x.png in Resources */,
				943B401016BEA3E400FE7428 /* Default-568h@2x.png in Resources */,
				94303A5717090C9800877089 /* MainStoryboard.storyboard in Resources */,
			);
			runOnlyForDeploymentPostprocessing = 0;
		};
/* End PBXResourcesBuildPhase section */

/* Begin PBXSourcesBuildPhase section */
		943B3FF216BEA3E300FE7428 /* Sources */ = {
			isa = PBXSourcesBuildPhase;
			buildActionMask = 2147483647;
			files = (
				943B400616BEA3E300FE7428 /* main.m in Sources */,
				943B400A16BEA3E300FE7428 /* AppDelegate.m in Sources */,
				94816A4617071CA700CF74D8 /* MainTableViewController.m in Sources */,
				943D68B0170816EC00860C5E /* LastEvent.m in Sources */,
				94303A641709378F00877089 /* Location.m in Sources */,
				94303A6B1709837A00877089 /* CarContent.xcdatamodeld in Sources */,
				94303A6F170985B000877089 /* Car.m in Sources */,
				94905574170ACC4C005C9D0E /* AddInstance.m in Sources */,
				943E949A170D668300F90BD8 /* History.m in Sources */,
				94F9E637170DDF65005B4DA7 /* HistoryEntity.m in Sources */,
				94330AC51720D30000BCB06A /* FMDatabase.m in Sources */,
				94330AC61720D30000BCB06A /* FMDatabaseAdditions.m in Sources */,
				94330AC71720D30000BCB06A /* FMDatabasePool.m in Sources */,
				94330AC81720D30000BCB06A /* FMDatabaseQueue.m in Sources */,
				94330AC91720D30000BCB06A /* FMResultSet.m in Sources */,
			);
			runOnlyForDeploymentPostprocessing = 0;
		};
/* End PBXSourcesBuildPhase section */

/* Begin PBXVariantGroup section */
		943B400216BEA3E300FE7428 /* InfoPlist.strings */ = {
			isa = PBXVariantGroup;
			children = (
				943B400316BEA3E300FE7428 /* en */,
			);
			name = InfoPlist.strings;
			sourceTree = "<group>";
		};
/* End PBXVariantGroup section */

/* Begin XCBuildConfiguration section */
		943B401716BEA3E400FE7428 /* Debug */ = {
			isa = XCBuildConfiguration;
			buildSettings = {
				ALWAYS_SEARCH_USER_PATHS = NO;
				CLANG_CXX_LANGUAGE_STANDARD = "gnu++0x";
				CLANG_CXX_LIBRARY = "libc++";
				CLANG_WARN_CONSTANT_CONVERSION = YES;
				CLANG_WARN_EMPTY_BODY = YES;
				CLANG_WARN_ENUM_CONVERSION = YES;
				CLANG_WARN_INT_CONVERSION = YES;
				CLANG_WARN__DUPLICATE_METHOD_MATCH = YES;
				"CODE_SIGN_IDENTITY[sdk=iphoneos*]" = "iPhone Developer";
				COPY_PHASE_STRIP = NO;
				GCC_C_LANGUAGE_STANDARD = gnu99;
				GCC_DYNAMIC_NO_PIC = NO;
				GCC_OPTIMIZATION_LEVEL = 0;
				GCC_PREPROCESSOR_DEFINITIONS = (
					"DEBUG=1",
					"$(inherited)",
				);
				GCC_SYMBOLS_PRIVATE_EXTERN = NO;
				GCC_WARN_ABOUT_RETURN_TYPE = YES;
				GCC_WARN_UNINITIALIZED_AUTOS = YES;
				GCC_WARN_UNUSED_VARIABLE = YES;
				IPHONEOS_DEPLOYMENT_TARGET = 6.1;
				ONLY_ACTIVE_ARCH = YES;
				SDKROOT = iphoneos;
			};
			name = Debug;
		};
		943B401816BEA3E400FE7428 /* Release */ = {
			isa = XCBuildConfiguration;
			buildSettings = {
				ALWAYS_SEARCH_USER_PATHS = NO;
				CLANG_CXX_LANGUAGE_STANDARD = "gnu++0x";
				CLANG_CXX_LIBRARY = "libc++";
				CLANG_WARN_CONSTANT_CONVERSION = YES;
				CLANG_WARN_EMPTY_BODY = YES;
				CLANG_WARN_ENUM_CONVERSION = YES;
				CLANG_WARN_INT_CONVERSION = YES;
				CLANG_WARN__DUPLICATE_METHOD_MATCH = YES;
				"CODE_SIGN_IDENTITY[sdk=iphoneos*]" = "iPhone Developer";
				COPY_PHASE_STRIP = YES;
				GCC_C_LANGUAGE_STANDARD = gnu99;
				GCC_WARN_ABOUT_RETURN_TYPE = YES;
				GCC_WARN_UNINITIALIZED_AUTOS = YES;
				GCC_WARN_UNUSED_VARIABLE = YES;
				IPHONEOS_DEPLOYMENT_TARGET = 6.1;
				OTHER_CFLAGS = "-DNS_BLOCK_ASSERTIONS=1";
				SDKROOT = iphoneos;
				VALIDATE_PRODUCT = YES;
			};
			name = Release;
		};
		943B401A16BEA3E400FE7428 /* Debug */ = {
			isa = XCBuildConfiguration;
			buildSettings = {
				GCC_PRECOMPILE_PREFIX_HEADER = YES;
				GCC_PREFIX_HEADER = "Find_My_Car/Find_My_Car-Prefix.pch";
				INFOPLIST_FILE = "Find_My_Car/Find_My_Car-Info.plist";
				PRODUCT_NAME = "$(TARGET_NAME)";
				WRAPPER_EXTENSION = app;
			};
			name = Debug;
		};
		943B401B16BEA3E400FE7428 /* Release */ = {
			isa = XCBuildConfiguration;
			buildSettings = {
				GCC_PRECOMPILE_PREFIX_HEADER = YES;
				GCC_PREFIX_HEADER = "Find_My_Car/Find_My_Car-Prefix.pch";
				INFOPLIST_FILE = "Find_My_Car/Find_My_Car-Info.plist";
				PRODUCT_NAME = "$(TARGET_NAME)";
				WRAPPER_EXTENSION = app;
			};
			name = Release;
		};
/* End XCBuildConfiguration section */

/* Begin XCConfigurationList section */
		943B3FF116BEA3E300FE7428 /* Build configuration list for PBXProject "Find_My_Car" */ = {
			isa = XCConfigurationList;
			buildConfigurations = (
				943B401716BEA3E400FE7428 /* Debug */,
				943B401816BEA3E400FE7428 /* Release */,
			);
			defaultConfigurationIsVisible = 0;
			defaultConfigurationName = Release;
		};
		943B401916BEA3E400FE7428 /* Build configuration list for PBXNativeTarget "Find_My_Car" */ = {
			isa = XCConfigurationList;
			buildConfigurations = (
				943B401A16BEA3E400FE7428 /* Debug */,
				943B401B16BEA3E400FE7428 /* Release */,
			);
			defaultConfigurationIsVisible = 0;
			defaultConfigurationName = Release;
		};
/* End XCConfigurationList section */

/* Begin XCVersionGroup section */
		94303A691709837A00877089 /* CarContent.xcdatamodeld */ = {
			isa = XCVersionGroup;
			children = (
				94303A6A1709837A00877089 /* CarContent.xcdatamodel */,
			);
			currentVersion = 94303A6A1709837A00877089 /* CarContent.xcdatamodel */;
			path = CarContent.xcdatamodeld;
			sourceTree = "<group>";
			versionGroupType = wrapper.xcdatamodel;
		};
/* End XCVersionGroup section */
	};
	rootObject = 943B3FEE16BEA3E300FE7428 /* Project object */;
}
